{
  "name": "bhstats-api",
  "lockfileVersion": 2,
  "requires": true,
  "packages": {
    "": {
      "dependencies": {
        "zod": "^3.17.3"
      },
      "devDependencies": {
        "@cloudflare/workers-types": "^3.14.1"
      }
    },
    "node_modules/@cloudflare/workers-types": {
      "version": "3.14.1",
      "resolved": "https://registry.npmjs.org/@cloudflare/workers-types/-/workers-types-3.14.1.tgz",
      "integrity": "sha512-B1/plF62pt+H2IJHvApK8fdOJAVsvojvacuac8x8s+JIyqbropMyqNqHTKLm3YD8ZFLGwYeFTudU+PQ7vGvBdA==",
      "dev": true
    },
    "node_modules/zod": {
      "version": "3.17.3",
      "resolved": "https://registry.npmjs.org/zod/-/zod-3.17.3.tgz",
      "integrity": "sha512-4oKP5zvG6GGbMlqBkI5FESOAweldEhSOZ6LI6cG+JzUT7ofj1ZOC0PJudpQOpT1iqOFpYYtX5Pw0+o403y4bcg==",
      "funding": {
        "url": "https://github.com/sponsors/colinhacks"
      }
    }
  },
  "dependencies": {
    "@cloudflare/workers-types": {
      "version": "3.14.1",
      "resolved": "https://registry.npmjs.org/@cloudflare/workers-types/-/workers-types-3.14.1.tgz",
      "integrity": "sha512-B1/plF62pt+H2IJHvApK8fdOJAVsvojvacuac8x8s+JIyqbropMyqNqHTKLm3YD8ZFLGwYeFTudU+PQ7vGvBdA==",
      "dev": true
    },
    "zod": {
      "version": "3.17.3",
      "resolved": "https://registry.npmjs.org/zod/-/zod-3.17.3.tgz",
      "integrity": "sha512-4oKP5zvG6GGbMlqBkI5FESOAweldEhSOZ6LI6cG+JzUT7ofj1ZOC0PJudpQOpT1iqOFpYYtX5Pw0+o403y4bcg=="
    }
  }
}
